
Microsoft Visual Studio Solution File, Format Version 12.00
# Visual Studio Version 17
VisualStudioVersion = 17.8.34601.278
MinimumVisualStudioVersion = 10.0.40219.1
Project("{9A19103F-16F7-4668-BE54-9A1E7A4F7556}") = "Search", "Search\Search.csproj", "{1079011A-A8C7-4836-BD75-9FDAB614ECE3}"
EndProject
Project("{FAE04EC0-301F-11D3-BF4B-00C04F79EFBC}") = "V2.0", "V2.0\V2.0.csproj", "{87E71B42-AE0B-4057-AE4A-56D069BC33F4}"
EndProject
Global
	GlobalSection(SolutionConfigurationPlatforms) = preSolution
		Debug|Any CPU = Debug|Any CPU
		Release|Any CPU = Release|Any CPU
	EndGlobalSection
	GlobalSection(ProjectConfigurationPlatforms) = postSolution
		{1079011A-A8C7-4836-BD75-9FDAB614ECE3}.Debug|Any CPU.ActiveCfg = Debug|Any CPU
		{1079011A-A8C7-4836-BD75-9FDAB614ECE3}.Debug|Any CPU.Build.0 = Debug|Any CPU
		{1079011A-A8C7-4836-BD75-9FDAB614ECE3}.Release|Any CPU.ActiveCfg = Release|Any CPU
		{1079011A-A8C7-4836-BD75-9FDAB614ECE3}.Release|Any CPU.Build.0 = Release|Any CPU
		{87E71B42-AE0B-4057-AE4A-56D069BC33F4}.Debug|Any CPU.ActiveCfg = Debug|Any CPU
		{87E71B42-AE0B-4057-AE4A-56D069BC33F4}.Debug|Any CPU.Build.0 = Debug|Any CPU
		{87E71B42-AE0B-4057-AE4A-56D069BC33F4}.Release|Any CPU.ActiveCfg = Release|Any CPU
		{87E71B42-AE0B-4057-AE4A-56D069BC33F4}.Release|Any CPU.Build.0 = Release|Any CPU
	EndGlobalSection
	GlobalSection(SolutionProperties) = preSolution
		HideSolutionNode = FALSE
	EndGlobalSection
	GlobalSection(ExtensibilityGlobals) = postSolution
		SolutionGuid = {4AD4DFA6-0FF9-45A8-835E-068133FE06BA}
	EndGlobalSection
EndGlobal
